
Microsoft Visual Studio Solution File, Format Version 12.00
# Visual Studio Version 17
VisualStudioVersion = 17.9.34728.123
MinimumVisualStudioVersion = 10.0.40219.1
Project("{FAE04EC0-301F-11D3-BF4B-00C04F79EFBC}") = "SFUListParser", "SFUListParser.csproj", "{560DFA18-CA05-4254-82F5-418D0ADCCFAC}"
EndProject
Global
	GlobalSection(SolutionConfigurationPlatforms) = preSolution
		Debug|Any CPU = Debug|Any CPU
		Debug|ARM = Debug|ARM
		Debug|ARM64 = Debug|ARM64
		Debug|x64 = Debug|x64
		Debug|x86 = Debug|x86
		Release|Any CPU = Release|Any CPU
		Release|ARM = Release|ARM
		Release|ARM64 = Release|ARM64
		Release|x64 = Release|x64
		Release|x86 = Release|x86
	EndGlobalSection
	GlobalSection(ProjectConfigurationPlatforms) = postSolution
		{560DFA18-CA05-4254-82F5-418D0ADCCFAC}.Debug|Any CPU.ActiveCfg = Debug|Any CPU
		{560DFA18-CA05-4254-82F5-418D0ADCCFAC}.Debug|Any CPU.Build.0 = Debug|Any CPU
		{560DFA18-CA05-4254-82F5-418D0ADCCFAC}.Debug|Any CPU.Deploy.0 = Debug|Any CPU
		{560DFA18-CA05-4254-82F5-418D0ADCCFAC}.Debug|ARM.ActiveCfg = Debug|ARM
		{560DFA18-CA05-4254-82F5-418D0ADCCFAC}.Debug|ARM.Build.0 = Debug|ARM
		{560DFA18-CA05-4254-82F5-418D0ADCCFAC}.Debug|ARM.Deploy.0 = Debug|ARM
		{560DFA18-CA05-4254-82F5-418D0ADCCFAC}.Debug|ARM64.ActiveCfg = Debug|ARM64
		{560DFA18-CA05-4254-82F5-418D0ADCCFAC}.Debug|ARM64.Build.0 = Debug|ARM64
		{560DFA18-CA05-4254-82F5-418D0ADCCFAC}.Debug|ARM64.Deploy.0 = Debug|ARM64
		{560DFA18-CA05-4254-82F5-418D0ADCCFAC}.Debug|x64.ActiveCfg = Debug|x64
		{560DFA18-CA05-4254-82F5-418D0ADCCFAC}.Debug|x64.Build.0 = Debug|x64
		{560DFA18-CA05-4254-82F5-418D0ADCCFAC}.Debug|x64.Deploy.0 = Debug|x64
		{560DFA18-CA05-4254-82F5-418D0ADCCFAC}.Debug|x86.ActiveCfg = Debug|x86
		{560DFA18-CA05-4254-82F5-418D0ADCCFAC}.Debug|x86.Build.0 = Debug|x86
		{560DFA18-CA05-4254-82F5-418D0ADCCFAC}.Debug|x86.Deploy.0 = Debug|x86
		{560DFA18-CA05-4254-82F5-418D0ADCCFAC}.Release|Any CPU.ActiveCfg = Release|Any CPU
		{560DFA18-CA05-4254-82F5-418D0ADCCFAC}.Release|Any CPU.Build.0 = Release|Any CPU
		{560DFA18-CA05-4254-82F5-418D0ADCCFAC}.Release|Any CPU.Deploy.0 = Release|Any CPU
		{560DFA18-CA05-4254-82F5-418D0ADCCFAC}.Release|ARM.ActiveCfg = Release|ARM
		{560DFA18-CA05-4254-82F5-418D0ADCCFAC}.Release|ARM.Build.0 = Release|ARM
		{560DFA18-CA05-4254-82F5-418D0ADCCFAC}.Release|ARM.Deploy.0 = Release|ARM
		{560DFA18-CA05-4254-82F5-418D0ADCCFAC}.Release|ARM64.ActiveCfg = Release|ARM64
		{560DFA18-CA05-4254-82F5-418D0ADCCFAC}.Release|ARM64.Build.0 = Release|ARM64
		{560DFA18-CA05-4254-82F5-418D0ADCCFAC}.Release|ARM64.Deploy.0 = Release|ARM64
		{560DFA18-CA05-4254-82F5-418D0ADCCFAC}.Release|x64.ActiveCfg = Release|x64
		{560DFA18-CA05-4254-82F5-418D0ADCCFAC}.Release|x64.Build.0 = Release|x64
		{560DFA18-CA05-4254-82F5-418D0ADCCFAC}.Release|x64.Deploy.0 = Release|x64
		{560DFA18-CA05-4254-82F5-418D0ADCCFAC}.Release|x86.ActiveCfg = Release|x86
		{560DFA18-CA05-4254-82F5-418D0ADCCFAC}.Release|x86.Build.0 = Release|x86
		{560DFA18-CA05-4254-82F5-418D0ADCCFAC}.Release|x86.Deploy.0 = Release|x86
	EndGlobalSection
	GlobalSection(SolutionProperties) = preSolution
		HideSolutionNode = FALSE
	EndGlobalSection
	GlobalSection(ExtensibilityGlobals) = postSolution
		SolutionGuid = {61BE9C64-9B8F-427E-9C32-878D70A21790}
	EndGlobalSection
EndGlobal
